// !$*UTF8*$!
{
	archiveVersion = 1;
	classes = {
	};
	objectVersion = 50;
	objects = {

/* Begin PBXBuildFile section */
		8719AF9C24AE36FA00BE9538 /* AppDelegate.swift in Sources */ = {isa = PBXBuildFile; fileRef = 8719AF9B24AE36FA00BE9538 /* AppDelegate.swift */; };
		8719AF9E24AE36FA00BE9538 /* SceneDelegate.swift in Sources */ = {isa = PBXBuildFile; fileRef = 8719AF9D24AE36FA00BE9538 /* SceneDelegate.swift */; };
		8719AFA024AE36FA00BE9538 /* ContentView.swift in Sources */ = {isa = PBXBuildFile; fileRef = 8719AF9F24AE36FA00BE9538 /* ContentView.swift */; };
		8719AFA224AE36FC00BE9538 /* Assets.xcassets in Resources */ = {isa = PBXBuildFile; fileRef = 8719AFA124AE36FC00BE9538 /* Assets.xcassets */; };
		8719AFA524AE36FC00BE9538 /* Preview Assets.xcassets in Resources */ = {isa = PBXBuildFile; fileRef = 8719AFA424AE36FC00BE9538 /* Preview Assets.xcassets */; };
		8719AFA824AE36FC00BE9538 /* LaunchScreen.storyboard in Resources */ = {isa = PBXBuildFile; fileRef = 8719AFA624AE36FC00BE9538 /* LaunchScreen.storyboard */; };
		8719AFB024AE37C300BE9538 /* RestaurantCell.swift in Sources */ = {isa = PBXBuildFile; fileRef = 8719AFAF24AE37C200BE9538 /* RestaurantCell.swift */; };
		8719AFB424AE382C00BE9538 /* RestaurantDetail.swift in Sources */ = {isa = PBXBuildFile; fileRef = 8719AFB324AE382C00BE9538 /* RestaurantDetail.swift */; };
		8719AFB624AE385A00BE9538 /* MapView.swift in Sources */ = {isa = PBXBuildFile; fileRef = 8719AFB524AE385A00BE9538 /* MapView.swift */; };
		8719AFBA24AE4D1500BE9538 /* RestaurantModel.swift in Sources */ = {isa = PBXBuildFile; fileRef = 8719AFB924AE4D1500BE9538 /* RestaurantModel.swift */; };
/* End PBXBuildFile section */

/* Begin PBXFileReference section */
		8719AF9824AE36FA00BE9538 /* Restaurant 3.0.app */ = {isa = PBXFileReference; explicitFileType = wrapper.application; includeInIndex = 0; path = "Restaurant 3.0.app"; sourceTree = BUILT_PRODUCTS_DIR; };
		8719AF9B24AE36FA00BE9538 /* AppDelegate.swift */ = {isa = PBXFileReference; lastKnownFileType = sourcecode.swift; path = AppDelegate.swift; sourceTree = "<group>"; };
		8719AF9D24AE36FA00BE9538 /* SceneDelegate.swift */ = {isa = PBXFileReference; lastKnownFileType = sourcecode.swift; path = SceneDelegate.swift; sourceTree = "<group>"; };
		8719AF9F24AE36FA00BE9538 /* ContentView.swift */ = {isa = PBXFileReference; lastKnownFileType = sourcecode.swift; path = ContentView.swift; sourceTree = "<group>"; };
		8719AFA124AE36FC00BE9538 /* Assets.xcassets */ = {isa = PBXFileReference; lastKnownFileType = folder.assetcatalog; path = Assets.xcassets; sourceTree = "<group>"; };
		8719AFA424AE36FC00BE9538 /* Preview Assets.xcassets */ = {isa = PBXFileReference; lastKnownFileType = folder.assetcatalog; path = "Preview Assets.xcassets"; sourceTree = "<group>"; };
		8719AFA724AE36FC00BE9538 /* Base */ = {isa = PBXFileReference; lastKnownFileType = file.storyboard; name = Base; path = Base.lproj/LaunchScreen.storyboard; sourceTree = "<group>"; };
		8719AFA924AE36FC00BE9538 /* Info.plist */ = {isa = PBXFileReference; lastKnownFileType = text.plist.xml; path = Info.plist; sourceTree = "<group>"; };
		8719AFAF24AE37C200BE9538 /* RestaurantCell.swift */ = {isa = PBXFileReference; lastKnownFileType = sourcecode.swift; path = RestaurantCell.swift; sourceTree = "<group>"; };
		8719AFB324AE382C00BE9538 /* RestaurantDetail.swift */ = {isa = PBXFileReference; lastKnownFileType = sourcecode.swift; path = RestaurantDetail.swift; sourceTree = "<group>"; };
		8719AFB524AE385A00BE9538 /* MapView.swift */ = {isa = PBXFileReference; lastKnownFileType = sourcecode.swift; path = MapView.swift; sourceTree = "<group>"; };
		8719AFB924AE4D1500BE9538 /* RestaurantModel.swift */ = {isa = PBXFileReference; lastKnownFileType = sourcecode.swift; path = RestaurantModel.swift; sourceTree = "<group>"; };
/* End PBXFileReference section */

/* Begin PBXFrameworksBuildPhase section */
		8719AF9524AE36FA00BE9538 /* Frameworks */ = {
			isa = PBXFrameworksBuildPhase;
			buildActionMask = 2147483647;
			files = (
			);
			runOnlyForDeploymentPostprocessing = 0;
		};
/* End PBXFrameworksBuildPhase section */

/* Begin PBXGroup section */
		8719AF8F24AE36FA00BE9538 = {
			isa = PBXGroup;
			children = (
				8719AF9A24AE36FA00BE9538 /* Restaurant 3.0 */,
				8719AF9924AE36FA00BE9538 /* Products */,
			);
			sourceTree = "<group>";
		};
		8719AF9924AE36FA00BE9538 /* Products */ = {
			isa = PBXGroup;
			children = (
				8719AF9824AE36FA00BE9538 /* Restaurant 3.0.app */,
			);
			name = Products;
			sourceTree = "<group>";
		};
		8719AF9A24AE36FA00BE9538 /* Restaurant 3.0 */ = {
			isa = PBXGroup;
			children = (
				8719AF9B24AE36FA00BE9538 /* AppDelegate.swift */,
				8719AF9D24AE36FA00BE9538 /* SceneDelegate.swift */,
				8719AF9F24AE36FA00BE9538 /* ContentView.swift */,
				8719AFAF24AE37C200BE9538 /* RestaurantCell.swift */,
				8719AFB924AE4D1500BE9538 /* RestaurantModel.swift */,
				8719AFB324AE382C00BE9538 /* RestaurantDetail.swift */,
				8719AFB524AE385A00BE9538 /* MapView.swift */,
				8719AFA124AE36FC00BE9538 /* Assets.xcassets */,
				8719AFA624AE36FC00BE9538 /* LaunchScreen.storyboard */,
				8719AFA924AE36FC00BE9538 /* Info.plist */,
				8719AFA324AE36FC00BE9538 /* Preview Content */,
			);
			path = "Restaurant 3.0";
			sourceTree = "<group>";
		};
		8719AFA324AE36FC00BE9538 /* Preview Content */ = {
			isa = PBXGroup;
			children = (
				8719AFA424AE36FC00BE9538 /* Preview Assets.xcassets */,
			);
			path = "Preview Content";
			sourceTree = "<group>";
		};
/* End PBXGroup section */

/* Begin PBXNativeTarget section */
		8719AF9724AE36FA00BE9538 /* Restaurant 3.0 */ = {
			isa = PBXNativeTarget;
			buildConfigurationList = 8719AFAC24AE36FC00BE9538 /* Build configuration list for PBXNativeTarget "Restaurant 3.0" */;
			buildPhases = (
				8719AF9424AE36FA00BE9538 /* Sources */,
				8719AF9524AE36FA00BE9538 /* Frameworks */,
				8719AF9624AE36FA00BE9538 /* Resources */,
			);
			buildRules = (
			);
			dependencies = (
			);
			name = "Restaurant 3.0";
			productName = "Restaurant 3.0";
			productReference = 8719AF9824AE36FA00BE9538 /* Restaurant 3.0.app */;
			productType = "com.apple.product-type.application";
		};
/* End PBXNativeTarget section */

/* Begin PBXProject section */
		8719AF9024AE36FA00BE9538 /* Project object */ = {
			isa = PBXProject;
			attributes = {
				LastSwiftUpdateCheck = 1150;
				LastUpgradeCheck = 1150;
				ORGANIZATIONNAME = Ds42713;
				TargetAttributes = {
					8719AF9724AE36FA00BE9538 = {
						CreatedOnToolsVersion = 11.5;
					};
				};
			};
			buildConfigurationList = 8719AF9324AE36FA00BE9538 /* Build configuration list for PBXProject "Restaurant 3.0" */;
			compatibilityVersion = "Xcode 9.3";
			developmentRegion = en;
			hasScannedForEncodings = 0;
			knownRegions = (
				en,
				Base,
			);
			mainGroup = 8719AF8F24AE36FA00BE9538;
			productRefGroup = 8719AF9924AE36FA00BE9538 /* Products */;
			projectDirPath = "";
			projectRoot = "";
			targets = (
				8719AF9724AE36FA00BE9538 /* Restaurant 3.0 */,
			);
		};
/* End PBXProject section */

/* Begin PBXResourcesBuildPhase section */
		8719AF9624AE36FA00BE9538 /* Resources */ = {
			isa = PBXResourcesBuildPhase;
			buildActionMask = 2147483647;
			files = (
				8719AFA824AE36FC00BE9538 /* LaunchScreen.storyboard in Resources */,
				8719AFA524AE36FC00BE9538 /* Preview Assets.xcassets in Resources */,
				8719AFA224AE36FC00BE9538 /* Assets.xcassets in Resources */,
			);
			runOnlyForDeploymentPostprocessing = 0;
		};
/* End PBXResourcesBuildPhase section */

/* Begin PBXSourcesBuildPhase section */
		8719AF9424AE36FA00BE9538 /* Sources */ = {
			isa = PBXSourcesBuildPhase;
			buildActionMask = 2147483647;
			files = (
				8719AFB624AE385A00BE9538 /* MapView.swift in Sources */,
				8719AFB024AE37C300BE9538 /* RestaurantCell.swift in Sources */,
				8719AFBA24AE4D1500BE9538 /* RestaurantModel.swift in Sources */,
				8719AF9C24AE36FA00BE9538 /* AppDelegate.swift in Sources */,
				8719AF9E24AE36FA00BE9538 /* SceneDelegate.swift in Sources */,
				8719AFB424AE382C00BE9538 /* RestaurantDetail.swift in Sources */,
				8719AFA024AE36FA00BE9538 /* ContentView.swift in Sources */,
			);
			runOnlyForDeploymentPostprocessing = 0;
		};
/* End PBXSourcesBuildPhase section */

/* Begin PBXVariantGroup section */
		8719AFA624AE36FC00BE9538 /* LaunchScreen.storyboard */ = {
			isa = PBXVariantGroup;
			children = (
				8719AFA724AE36FC00BE9538 /* Base */,
			);
			name = LaunchScreen.storyboard;
			sourceTree = "<group>";
		};
/* End PBXVariantGroup section */

/* Begin XCBuildConfiguration section */
		8719AFAA24AE36FC00BE9538 /* Debug */ = {
			isa = XCBuildConfiguration;
			buildSettings = {
				ALWAYS_SEARCH_USER_PATHS = NO;
				CLANG_ANALYZER_NONNULL = YES;
				CLANG_ANALYZER_NUMBER_OBJECT_CONVERSION = YES_AGGRESSIVE;
				CLANG_CXX_LANGUAGE_STANDARD = "gnu++14";
				CLANG_CXX_LIBRARY = "libc++";
				CLANG_ENABLE_MODULES = YES;
				CLANG_ENABLE_OBJC_ARC = YES;
				CLANG_ENABLE_OBJC_WEAK = YES;
				CLANG_WARN_BLOCK_CAPTURE_AUTORELEASING = YES;
				CLANG_WARN_BOOL_CONVERSION = YES;
				CLANG_WARN_COMMA = YES;
				CLANG_WARN_CONSTANT_CONVERSION = YES;
				CLANG_WARN_DEPRECATED_OBJC_IMPLEMENTATIONS = YES;
				CLANG_WARN_DIRECT_OBJC_ISA_USAGE = YES_ERROR;
				CLANG_WARN_DOCUMENTATION_COMMENTS = YES;
				CLANG_WARN_EMPTY_BODY = YES;
				CLANG_WARN_ENUM_CONVERSION = YES;
				CLANG_WARN_INFINITE_RECURSION = YES;
				CLANG_WARN_INT_CONVERSION = YES;
				CLANG_WARN_NON_LITERAL_NULL_CONVERSION = YES;
				CLANG_WARN_OBJC_IMPLICIT_RETAIN_SELF = YES;
				CLANG_WARN_OBJC_LITERAL_CONVERSION = YES;
				CLANG_WARN_OBJC_ROOT_CLASS = YES_ERROR;
				CLANG_WARN_RANGE_LOOP_ANALYSIS = YES;
				CLANG_WARN_STRICT_PROTOTYPES = YES;
				CLANG_WARN_SUSPICIOUS_MOVE = YES;
				CLANG_WARN_UNGUARDED_AVAILABILITY = YES_AGGRESSIVE;
				CLANG_WARN_UNREACHABLE_CODE = YES;
				CLANG_WARN__DUPLICATE_METHOD_MATCH = YES;
				COPY_PHASE_STRIP = NO;
				DEBUG_INFORMATION_FORMAT = dwarf;
				ENABLE_STRICT_OBJC_MSGSEND = YES;
				ENABLE_TESTABILITY = YES;
				GCC_C_LANGUAGE_STANDARD = gnu11;
				GCC_DYNAMIC_NO_PIC = NO;
				GCC_NO_COMMON_BLOCKS = YES;
				GCC_OPTIMIZATION_LEVEL = 0;
				GCC_PREPROCESSOR_DEFINITIONS = (
					"DEBUG=1",
					"$(inherited)",
				);
				GCC_WARN_64_TO_32_BIT_CONVERSION = YES;
				GCC_WARN_ABOUT_RETURN_TYPE = YES_ERROR;
				GCC_WARN_UNDECLARED_SELECTOR = YES;
				GCC_WARN_UNINITIALIZED_AUTOS = YES_AGGRESSIVE;
				GCC_WARN_UNUSED_FUNCTION = YES;
				GCC_WARN_UNUSED_VARIABLE = YES;
				IPHONEOS_DEPLOYMENT_TARGET = 13.5;
				MTL_ENABLE_DEBUG_INFO = INCLUDE_SOURCE;
				MTL_FAST_MATH = YES;
				ONLY_ACTIVE_ARCH = YES;
				SDKROOT = iphoneos;
				SWIFT_ACTIVE_COMPILATION_CONDITIONS = DEBUG;
				SWIFT_OPTIMIZATION_LEVEL = "-Onone";
			};
			name = Debug;
		};
		8719AFAB24AE36FC00BE9538 /* Release */ = {
			isa = XCBuildConfiguration;
			buildSettings = {
				ALWAYS_SEARCH_USER_PATHS = NO;
				CLANG_ANALYZER_NONNULL = YES;
				CLANG_ANALYZER_NUMBER_OBJECT_CONVERSION = YES_AGGRESSIVE;
				CLANG_CXX_LANGUAGE_STANDARD = "gnu++14";
				CLANG_CXX_LIBRARY = "libc++";
				CLANG_ENABLE_MODULES = YES;
				CLANG_ENABLE_OBJC_ARC = YES;
				CLANG_ENABLE_OBJC_WEAK = YES;
				CLANG_WARN_BLOCK_CAPTURE_AUTORELEASING = YES;
				CLANG_WARN_BOOL_CONVERSION = YES;
				CLANG_WARN_COMMA = YES;
				CLANG_WARN_CONSTANT_CONVERSION = YES;
				CLANG_WARN_DEPRECATED_OBJC_IMPLEMENTATIONS = YES;
				CLANG_WARN_DIRECT_OBJC_ISA_USAGE = YES_ERROR;
				CLANG_WARN_DOCUMENTATION_COMMENTS = YES;
				CLANG_WARN_EMPTY_BODY = YES;
				CLANG_WARN_ENUM_CONVERSION = YES;
				CLANG_WARN_INFINITE_RECURSION = YES;
				CLANG_WARN_INT_CONVERSION = YES;
				CLANG_WARN_NON_LITERAL_NULL_CONVERSION = YES;
				CLANG_WARN_OBJC_IMPLICIT_RETAIN_SELF = YES;
				CLANG_WARN_OBJC_LITERAL_CONVERSION = YES;
				CLANG_WARN_OBJC_ROOT_CLASS = YES_ERROR;
				CLANG_WARN_RANGE_LOOP_ANALYSIS = YES;
				CLANG_WARN_STRICT_PROTOTYPES = YES;
				CLANG_WARN_SUSPICIOUS_MOVE = YES;
				CLANG_WARN_UNGUARDED_AVAILABILITY = YES_AGGRESSIVE;
				CLANG_WARN_UNREACHABLE_CODE = YES;
				CLANG_WARN__DUPLICATE_METHOD_MATCH = YES;
				COPY_PHASE_STRIP = NO;
				DEBUG_INFORMATION_FORMAT = "dwarf-with-dsym";
				ENABLE_NS_ASSERTIONS = NO;
				ENABLE_STRICT_OBJC_MSGSEND = YES;
				GCC_C_LANGUAGE_STANDARD = gnu11;
				GCC_NO_COMMON_BLOCKS = YES;
				GCC_WARN_64_TO_32_BIT_CONVERSION = YES;
				GCC_WARN_ABOUT_RETURN_TYPE = YES_ERROR;
				GCC_WARN_UNDECLARED_SELECTOR = YES;
				GCC_WARN_UNINITIALIZED_AUTOS = YES_AGGRESSIVE;
				GCC_WARN_UNUSED_FUNCTION = YES;
				GCC_WARN_UNUSED_VARIABLE = YES;
				IPHONEOS_DEPLOYMENT_TARGET = 13.5;
				MTL_ENABLE_DEBUG_INFO = NO;
				MTL_FAST_MATH = YES;
				SDKROOT = iphoneos;
				SWIFT_COMPILATION_MODE = wholemodule;
				SWIFT_OPTIMIZATION_LEVEL = "-O";
				VALIDATE_PRODUCT = YES;
			};
			name = Release;
		};
		8719AFAD24AE36FC00BE9538 /* Debug */ = {
			isa = XCBuildConfiguration;
			buildSettings = {
				ASSETCATALOG_COMPILER_APPICON_NAME = AppIcon;
				CODE_SIGN_STYLE = Automatic;
				DEVELOPMENT_ASSET_PATHS = "\"Restaurant 3.0/Preview Content\"";
				ENABLE_PREVIEWS = YES;
				INFOPLIST_FILE = "Restaurant 3.0/Info.plist";
				LD_RUNPATH_SEARCH_PATHS = (
					"$(inherited)",
					"@executable_path/Frameworks",
				);
				PRODUCT_BUNDLE_IDENTIFIER = "Ds42713.Restaurant-3-0";
				PRODUCT_NAME = "$(TARGET_NAME)";
				SWIFT_VERSION = 5.0;
				TARGETED_DEVICE_FAMILY = "1,2";
			};
			name = Debug;
		};
		8719AFAE24AE36FC00BE9538 /* Release */ = {
			isa = XCBuildConfiguration;
			buildSettings = {
				ASSETCATALOG_COMPILER_APPICON_NAME = AppIcon;
				CODE_SIGN_STYLE = Automatic;
				DEVELOPMENT_ASSET_PATHS = "\"Restaurant 3.0/Preview Content\"";
				ENABLE_PREVIEWS = YES;
				INFOPLIST_FILE = "Restaurant 3.0/Info.plist";
				LD_RUNPATH_SEARCH_PATHS = (
					"$(inherited)",
					"@executable_path/Frameworks",
				);
				PRODUCT_BUNDLE_IDENTIFIER = "Ds42713.Restaurant-3-0";
				PRODUCT_NAME = "$(TARGET_NAME)";
				SWIFT_VERSION = 5.0;
				TARGETED_DEVICE_FAMILY = "1,2";
			};
			name = Release;
		};
/* End XCBuildConfiguration section */

/* Begin XCConfigurationList section */
		8719AF9324AE36FA00BE9538 /* Build configuration list for PBXProject "Restaurant 3.0" */ = {
			isa = XCConfigurationList;
			buildConfigurations = (
				8719AFAA24AE36FC00BE9538 /* Debug */,
				8719AFAB24AE36FC00BE9538 /* Release */,
			);
			defaultConfigurationIsVisible = 0;
			defaultConfigurationName = Release;
		};
		8719AFAC24AE36FC00BE9538 /* Build configuration list for PBXNativeTarget "Restaurant 3.0" */ = {
			isa = XCConfigurationList;
			buildConfigurations = (
				8719AFAD24AE36FC00BE9538 /* Debug */,
				8719AFAE24AE36FC00BE9538 /* Release */,
			);
			defaultConfigurationIsVisible = 0;
			defaultConfigurationName = Release;
		};
/* End XCConfigurationList section */
	};
	rootObject = 8719AF9024AE36FA00BE9538 /* Project object */;
}
